
Microsoft Visual Studio Solution File, Format Version 12.00
# Visual Studio Version 17
VisualStudioVersion = 17.8.34511.84
MinimumVisualStudioVersion = 10.0.40219.1
Project("{9A19103F-16F7-4668-BE54-9A1E7A4F7556}") = "TNT.Services.Models", "TNT.Services.Models\TNT.Services.Models.csproj", "{C5020C12-ADD8-4305-A757-CC9E0D5D4458}"
EndProject
Project("{9A19103F-16F7-4668-BE54-9A1E7A4F7556}") = "TNT.Services.Client", "TNT.Services.Client\TNT.Services.Client.csproj", "{373B2C94-8B23-4FF9-AD16-1E5D79C45718}"
EndProject
Project("{9A19103F-16F7-4668-BE54-9A1E7A4F7556}") = "TNT.Services.Service", "TNT.Services.Service\TNT.Services.Service.csproj", "{535F3FE3-D845-424E-8A58-A83EB2BD31B8}"
EndProject
Project("{9A19103F-16F7-4668-BE54-9A1E7A4F7556}") = "Tests", "Tests\Tests.csproj", "{C8586708-B3B8-4C80-8B52-843C480C3082}"
EndProject
Project("{9A19103F-16F7-4668-BE54-9A1E7A4F7556}") = "TNT.Updater", "tnt.updater\TNT.Updater.csproj", "{4AB3A27D-0AD0-4300-8A4D-60F845F4364D}"
EndProject
Project("{FAE04EC0-301F-11D3-BF4B-00C04F79EFBC}") = "TestWithConsole", "TestWithConsole\TestWithConsole.csproj", "{8A978BD3-1EDA-4094-9732-3AD7A7D4315B}"
EndProject
Global
	GlobalSection(SolutionConfigurationPlatforms) = preSolution
		Debug|Any CPU = Debug|Any CPU
		Debug|x64 = Debug|x64
		Release|Any CPU = Release|Any CPU
		Release|x64 = Release|x64
	EndGlobalSection
	GlobalSection(ProjectConfigurationPlatforms) = postSolution
		{C5020C12-ADD8-4305-A757-CC9E0D5D4458}.Debug|Any CPU.ActiveCfg = Debug|Any CPU
		{C5020C12-ADD8-4305-A757-CC9E0D5D4458}.Debug|Any CPU.Build.0 = Debug|Any CPU
		{C5020C12-ADD8-4305-A757-CC9E0D5D4458}.Debug|x64.ActiveCfg = Debug|x64
		{C5020C12-ADD8-4305-A757-CC9E0D5D4458}.Debug|x64.Build.0 = Debug|x64
		{C5020C12-ADD8-4305-A757-CC9E0D5D4458}.Release|Any CPU.ActiveCfg = Release|Any CPU
		{C5020C12-ADD8-4305-A757-CC9E0D5D4458}.Release|Any CPU.Build.0 = Release|Any CPU
		{C5020C12-ADD8-4305-A757-CC9E0D5D4458}.Release|x64.ActiveCfg = Release|x64
		{C5020C12-ADD8-4305-A757-CC9E0D5D4458}.Release|x64.Build.0 = Release|x64
		{373B2C94-8B23-4FF9-AD16-1E5D79C45718}.Debug|Any CPU.ActiveCfg = Debug|Any CPU
		{373B2C94-8B23-4FF9-AD16-1E5D79C45718}.Debug|Any CPU.Build.0 = Debug|Any CPU
		{373B2C94-8B23-4FF9-AD16-1E5D79C45718}.Debug|x64.ActiveCfg = Debug|Any CPU
		{373B2C94-8B23-4FF9-AD16-1E5D79C45718}.Release|Any CPU.ActiveCfg = Release|Any CPU
		{373B2C94-8B23-4FF9-AD16-1E5D79C45718}.Release|Any CPU.Build.0 = Release|Any CPU
		{373B2C94-8B23-4FF9-AD16-1E5D79C45718}.Release|x64.ActiveCfg = Release|Any CPU
		{535F3FE3-D845-424E-8A58-A83EB2BD31B8}.Debug|Any CPU.ActiveCfg = Debug|Any CPU
		{535F3FE3-D845-424E-8A58-A83EB2BD31B8}.Debug|Any CPU.Build.0 = Debug|Any CPU
		{535F3FE3-D845-424E-8A58-A83EB2BD31B8}.Debug|x64.ActiveCfg = Debug|x64
		{535F3FE3-D845-424E-8A58-A83EB2BD31B8}.Debug|x64.Build.0 = Debug|x64
		{535F3FE3-D845-424E-8A58-A83EB2BD31B8}.Release|Any CPU.ActiveCfg = Release|Any CPU
		{535F3FE3-D845-424E-8A58-A83EB2BD31B8}.Release|Any CPU.Build.0 = Release|Any CPU
		{535F3FE3-D845-424E-8A58-A83EB2BD31B8}.Release|x64.ActiveCfg = Release|x64
		{535F3FE3-D845-424E-8A58-A83EB2BD31B8}.Release|x64.Build.0 = Release|x64
		{C8586708-B3B8-4C80-8B52-843C480C3082}.Debug|Any CPU.ActiveCfg = Debug|Any CPU
		{C8586708-B3B8-4C80-8B52-843C480C3082}.Debug|Any CPU.Build.0 = Debug|Any CPU
		{C8586708-B3B8-4C80-8B52-843C480C3082}.Debug|x64.ActiveCfg = Debug|x64
		{C8586708-B3B8-4C80-8B52-843C480C3082}.Debug|x64.Build.0 = Debug|x64
		{C8586708-B3B8-4C80-8B52-843C480C3082}.Release|Any CPU.ActiveCfg = Release|Any CPU
		{C8586708-B3B8-4C80-8B52-843C480C3082}.Release|Any CPU.Build.0 = Release|Any CPU
		{C8586708-B3B8-4C80-8B52-843C480C3082}.Release|x64.ActiveCfg = Release|x64
		{C8586708-B3B8-4C80-8B52-843C480C3082}.Release|x64.Build.0 = Release|x64
		{4AB3A27D-0AD0-4300-8A4D-60F845F4364D}.Debug|Any CPU.ActiveCfg = Debug|Any CPU
		{4AB3A27D-0AD0-4300-8A4D-60F845F4364D}.Debug|Any CPU.Build.0 = Debug|Any CPU
		{4AB3A27D-0AD0-4300-8A4D-60F845F4364D}.Debug|x64.ActiveCfg = Debug|Any CPU
		{4AB3A27D-0AD0-4300-8A4D-60F845F4364D}.Debug|x64.Build.0 = Debug|Any CPU
		{4AB3A27D-0AD0-4300-8A4D-60F845F4364D}.Release|Any CPU.ActiveCfg = Release|Any CPU
		{4AB3A27D-0AD0-4300-8A4D-60F845F4364D}.Release|Any CPU.Build.0 = Release|Any CPU
		{4AB3A27D-0AD0-4300-8A4D-60F845F4364D}.Release|x64.ActiveCfg = Release|Any CPU
		{4AB3A27D-0AD0-4300-8A4D-60F845F4364D}.Release|x64.Build.0 = Release|Any CPU
		{8A978BD3-1EDA-4094-9732-3AD7A7D4315B}.Debug|Any CPU.ActiveCfg = Debug|Any CPU
		{8A978BD3-1EDA-4094-9732-3AD7A7D4315B}.Debug|Any CPU.Build.0 = Debug|Any CPU
		{8A978BD3-1EDA-4094-9732-3AD7A7D4315B}.Debug|x64.ActiveCfg = Debug|Any CPU
		{8A978BD3-1EDA-4094-9732-3AD7A7D4315B}.Debug|x64.Build.0 = Debug|Any CPU
		{8A978BD3-1EDA-4094-9732-3AD7A7D4315B}.Release|Any CPU.ActiveCfg = Release|Any CPU
		{8A978BD3-1EDA-4094-9732-3AD7A7D4315B}.Release|Any CPU.Build.0 = Release|Any CPU
		{8A978BD3-1EDA-4094-9732-3AD7A7D4315B}.Release|x64.ActiveCfg = Release|Any CPU
		{8A978BD3-1EDA-4094-9732-3AD7A7D4315B}.Release|x64.Build.0 = Release|Any CPU
	EndGlobalSection
	GlobalSection(SolutionProperties) = preSolution
		HideSolutionNode = FALSE
	EndGlobalSection
	GlobalSection(ExtensibilityGlobals) = postSolution
		SolutionGuid = {5ABC6B66-569D-43D2-9A5A-B3F9B34CABF1}
	EndGlobalSection
EndGlobal
