
Microsoft Visual Studio Solution File, Format Version 12.00
# Visual Studio 15
VisualStudioVersion = 15.0.28307.271
MinimumVisualStudioVersion = 10.0.40219.1
Project("{FAE04EC0-301F-11D3-BF4B-00C04F79EFBC}") = "TNT.Update.Service", "TNT.Update.Service\TNT.Update.Service.csproj", "{A731B5D3-A038-46AE-8D54-6FCA815ACF1C}"
EndProject
Global
	GlobalSection(SolutionConfigurationPlatforms) = preSolution
		Debug|Any CPU = Debug|Any CPU
		Release|Any CPU = Release|Any CPU
	EndGlobalSection
	GlobalSection(ProjectConfigurationPlatforms) = postSolution
		{A731B5D3-A038-46AE-8D54-6FCA815ACF1C}.Debug|Any CPU.ActiveCfg = Debug|Any CPU
		{A731B5D3-A038-46AE-8D54-6FCA815ACF1C}.Debug|Any CPU.Build.0 = Debug|Any CPU
		{A731B5D3-A038-46AE-8D54-6FCA815ACF1C}.Release|Any CPU.ActiveCfg = Release|Any CPU
		{A731B5D3-A038-46AE-8D54-6FCA815ACF1C}.Release|Any CPU.Build.0 = Release|Any CPU
	EndGlobalSection
	GlobalSection(SolutionProperties) = preSolution
		HideSolutionNode = FALSE
	EndGlobalSection
	GlobalSection(ExtensibilityGlobals) = postSolution
		SolutionGuid = {FA70B7B8-09BA-4DF0-8135-FD466C742BB6}
	EndGlobalSection
EndGlobal
